
Microsoft Visual Studio Solution File, Format Version 12.00
# Visual Studio 2012
Project("{FAE04EC0-301F-11D3-BF4B-00C04F79EFBC}") = "PictureSyncManager", "PictureSyncManager\PictureSyncManager.csproj", "{BFAF322B-EB92-47BE-9B33-5D222C5F0683}"
EndProject
Global
	GlobalSection(SolutionConfigurationPlatforms) = preSolution
		Debug|Any CPU = Debug|Any CPU
		Release|Any CPU = Release|Any CPU
	EndGlobalSection
	GlobalSection(ProjectConfigurationPlatforms) = postSolution
		{BFAF322B-EB92-47BE-9B33-5D222C5F0683}.Debug|Any CPU.ActiveCfg = Debug|Any CPU
		{BFAF322B-EB92-47BE-9B33-5D222C5F0683}.Debug|Any CPU.Build.0 = Debug|Any CPU
		{BFAF322B-EB92-47BE-9B33-5D222C5F0683}.Release|Any CPU.ActiveCfg = Release|Any CPU
		{BFAF322B-EB92-47BE-9B33-5D222C5F0683}.Release|Any CPU.Build.0 = Release|Any CPU
	EndGlobalSection
	GlobalSection(SolutionProperties) = preSolution
		HideSolutionNode = FALSE
	EndGlobalSection
EndGlobal
